
Microsoft Visual Studio Solution File, Format Version 12.00
# Visual Studio Version 17
VisualStudioVersion = 17.8.34309.116
MinimumVisualStudioVersion = 10.0.40219.1
Project("{FAE04EC0-301F-11D3-BF4B-00C04F79EFBC}") = "Danilvar.UnitOfWork", "Danilvar.UnitOfWork\Danilvar.UnitOfWork.csproj", "{722718C9-BFDD-4AA3-B4AA-369D0849E3A5}"
EndProject
Global
	GlobalSection(SolutionConfigurationPlatforms) = preSolution
		Debug|Any CPU = Debug|Any CPU
		Release|Any CPU = Release|Any CPU
	EndGlobalSection
	GlobalSection(ProjectConfigurationPlatforms) = postSolution
		{722718C9-BFDD-4AA3-B4AA-369D0849E3A5}.Debug|Any CPU.ActiveCfg = Debug|Any CPU
		{722718C9-BFDD-4AA3-B4AA-369D0849E3A5}.Debug|Any CPU.Build.0 = Debug|Any CPU
		{722718C9-BFDD-4AA3-B4AA-369D0849E3A5}.Release|Any CPU.ActiveCfg = Release|Any CPU
		{722718C9-BFDD-4AA3-B4AA-369D0849E3A5}.Release|Any CPU.Build.0 = Release|Any CPU
	EndGlobalSection
	GlobalSection(SolutionProperties) = preSolution
		HideSolutionNode = FALSE
	EndGlobalSection
	GlobalSection(ExtensibilityGlobals) = postSolution
		SolutionGuid = {CE2BA7F0-3D50-4E02-9BF1-4875F5966FCB}
	EndGlobalSection
EndGlobal
